
Microsoft Visual Studio Solution File, Format Version 12.00
# Visual Studio Version 16
VisualStudioVersion = 16.0.31605.320
MinimumVisualStudioVersion = 10.0.40219.1
Project("{FAE04EC0-301F-11D3-BF4B-00C04F79EFBC}") = "PetsAPI", "PetsAPI\PetsAPI.csproj", "{FABA7652-0464-40B3-BF63-4D62A036C91B}"
EndProject
Global
	GlobalSection(SolutionConfigurationPlatforms) = preSolution
		Debug|Any CPU = Debug|Any CPU
		Release|Any CPU = Release|Any CPU
	EndGlobalSection
	GlobalSection(ProjectConfigurationPlatforms) = postSolution
		{FABA7652-0464-40B3-BF63-4D62A036C91B}.Debug|Any CPU.ActiveCfg = Debug|Any CPU
		{FABA7652-0464-40B3-BF63-4D62A036C91B}.Debug|Any CPU.Build.0 = Debug|Any CPU
		{FABA7652-0464-40B3-BF63-4D62A036C91B}.Release|Any CPU.ActiveCfg = Release|Any CPU
		{FABA7652-0464-40B3-BF63-4D62A036C91B}.Release|Any CPU.Build.0 = Release|Any CPU
	EndGlobalSection
	GlobalSection(SolutionProperties) = preSolution
		HideSolutionNode = FALSE
	EndGlobalSection
	GlobalSection(ExtensibilityGlobals) = postSolution
		SolutionGuid = {FBA53FFD-3002-417B-8597-5545EEF1B377}
	EndGlobalSection
EndGlobal
